
Microsoft Visual Studio Solution File, Format Version 12.00
# Visual Studio Version 17
VisualStudioVersion = 17.0.31903.59
MinimumVisualStudioVersion = 10.0.40219.1
Project("{FAE04EC0-301F-11D3-BF4B-00C04F79EFBC}") = "API", "API\API.csproj", "{6B28ED55-913E-4FFC-A2CB-D7E13D72BF09}"
EndProject
Project("{FAE04EC0-301F-11D3-BF4B-00C04F79EFBC}") = "Core", "Core\Core.csproj", "{39663E21-5634-440D-8E6E-12565CD9D67A}"
EndProject
Project("{FAE04EC0-301F-11D3-BF4B-00C04F79EFBC}") = "Infrastructure", "Infrastructure\Infrastructure.csproj", "{5E6FB002-EFE5-428D-A4CB-57156A346AB5}"
EndProject
Global
	GlobalSection(SolutionConfigurationPlatforms) = preSolution
		Debug|Any CPU = Debug|Any CPU
		Release|Any CPU = Release|Any CPU
	EndGlobalSection
	GlobalSection(SolutionProperties) = preSolution
		HideSolutionNode = FALSE
	EndGlobalSection
	GlobalSection(ProjectConfigurationPlatforms) = postSolution
		{6B28ED55-913E-4FFC-A2CB-D7E13D72BF09}.Debug|Any CPU.ActiveCfg = Debug|Any CPU
		{6B28ED55-913E-4FFC-A2CB-D7E13D72BF09}.Debug|Any CPU.Build.0 = Debug|Any CPU
		{6B28ED55-913E-4FFC-A2CB-D7E13D72BF09}.Release|Any CPU.ActiveCfg = Release|Any CPU
		{6B28ED55-913E-4FFC-A2CB-D7E13D72BF09}.Release|Any CPU.Build.0 = Release|Any CPU
		{39663E21-5634-440D-8E6E-12565CD9D67A}.Debug|Any CPU.ActiveCfg = Debug|Any CPU
		{39663E21-5634-440D-8E6E-12565CD9D67A}.Debug|Any CPU.Build.0 = Debug|Any CPU
		{39663E21-5634-440D-8E6E-12565CD9D67A}.Release|Any CPU.ActiveCfg = Release|Any CPU
		{39663E21-5634-440D-8E6E-12565CD9D67A}.Release|Any CPU.Build.0 = Release|Any CPU
		{5E6FB002-EFE5-428D-A4CB-57156A346AB5}.Debug|Any CPU.ActiveCfg = Debug|Any CPU
		{5E6FB002-EFE5-428D-A4CB-57156A346AB5}.Debug|Any CPU.Build.0 = Debug|Any CPU
		{5E6FB002-EFE5-428D-A4CB-57156A346AB5}.Release|Any CPU.ActiveCfg = Release|Any CPU
		{5E6FB002-EFE5-428D-A4CB-57156A346AB5}.Release|Any CPU.Build.0 = Release|Any CPU
	EndGlobalSection
EndGlobal
